
Microsoft Visual Studio Solution File, Format Version 12.00
# Visual Studio Version 16
VisualStudioVersion = 16.0.30413.136
MinimumVisualStudioVersion = 10.0.40219.1
Project("{FAE04EC0-301F-11D3-BF4B-00C04F79EFBC}") = "observers3", "observers3\observers3.csproj", "{637401B3-AA4B-400B-85CC-5534A89B89A7}"
EndProject
Project("{FAE04EC0-301F-11D3-BF4B-00C04F79EFBC}") = "subscribers3Tests", "subscribers3Tests\subscribers3Tests.csproj", "{E93A3B70-DD4A-43F9-A626-ED51AEA25DB2}"
EndProject
Global
	GlobalSection(SolutionConfigurationPlatforms) = preSolution
		Debug|Any CPU = Debug|Any CPU
		Release|Any CPU = Release|Any CPU
	EndGlobalSection
	GlobalSection(ProjectConfigurationPlatforms) = postSolution
		{637401B3-AA4B-400B-85CC-5534A89B89A7}.Debug|Any CPU.ActiveCfg = Debug|Any CPU
		{637401B3-AA4B-400B-85CC-5534A89B89A7}.Debug|Any CPU.Build.0 = Debug|Any CPU
		{637401B3-AA4B-400B-85CC-5534A89B89A7}.Release|Any CPU.ActiveCfg = Release|Any CPU
		{637401B3-AA4B-400B-85CC-5534A89B89A7}.Release|Any CPU.Build.0 = Release|Any CPU
		{E93A3B70-DD4A-43F9-A626-ED51AEA25DB2}.Debug|Any CPU.ActiveCfg = Debug|Any CPU
		{E93A3B70-DD4A-43F9-A626-ED51AEA25DB2}.Debug|Any CPU.Build.0 = Debug|Any CPU
		{E93A3B70-DD4A-43F9-A626-ED51AEA25DB2}.Release|Any CPU.ActiveCfg = Release|Any CPU
		{E93A3B70-DD4A-43F9-A626-ED51AEA25DB2}.Release|Any CPU.Build.0 = Release|Any CPU
	EndGlobalSection
	GlobalSection(SolutionProperties) = preSolution
		HideSolutionNode = FALSE
	EndGlobalSection
	GlobalSection(ExtensibilityGlobals) = postSolution
		SolutionGuid = {405708F0-C6CA-4D23-811A-4B48A7223267}
	EndGlobalSection
EndGlobal
